
Microsoft Visual Studio Solution File, Format Version 12.00
# Visual Studio 15
VisualStudioVersion = 15.0.28307.438
MinimumVisualStudioVersion = 10.0.40219.1
Project("{9A19103F-16F7-4668-BE54-9A1E7A4F7556}") = "Ej1001_Paises", "Ej1001_Paises\Ej1001_Paises.csproj", "{87F351F1-5211-40A8-A219-34DE07C635D9}"
EndProject
Global
	GlobalSection(SolutionConfigurationPlatforms) = preSolution
		Debug|Any CPU = Debug|Any CPU
		Release|Any CPU = Release|Any CPU
	EndGlobalSection
	GlobalSection(ProjectConfigurationPlatforms) = postSolution
		{87F351F1-5211-40A8-A219-34DE07C635D9}.Debug|Any CPU.ActiveCfg = Debug|Any CPU
		{87F351F1-5211-40A8-A219-34DE07C635D9}.Debug|Any CPU.Build.0 = Debug|Any CPU
		{87F351F1-5211-40A8-A219-34DE07C635D9}.Release|Any CPU.ActiveCfg = Release|Any CPU
		{87F351F1-5211-40A8-A219-34DE07C635D9}.Release|Any CPU.Build.0 = Release|Any CPU
	EndGlobalSection
	GlobalSection(SolutionProperties) = preSolution
		HideSolutionNode = FALSE
	EndGlobalSection
	GlobalSection(ExtensibilityGlobals) = postSolution
		SolutionGuid = {1EB92B8F-DAE6-41B0-B5B0-2F4C6B2B4F13}
	EndGlobalSection
EndGlobal
